
Microsoft Visual Studio Solution File, Format Version 12.00
# Visual Studio Version 16
VisualStudioVersion = 16.0.29609.76
MinimumVisualStudioVersion = 10.0.40219.1
Project("{FAE04EC0-301F-11D3-BF4B-00C04F79EFBC}") = "API", "API\API.csproj", "{2A4B8924-463A-4F44-91D4-AC332B26FA50}"
EndProject
Project("{FAE04EC0-301F-11D3-BF4B-00C04F79EFBC}") = "BLL", "BLL\BLL.csproj", "{3996DD4D-FF75-4378-9955-729109BB9FA9}"
EndProject
Project("{FAE04EC0-301F-11D3-BF4B-00C04F79EFBC}") = "DAL", "DAL\DAL.csproj", "{2CE5515C-C2F6-4DA2-BEB0-31F6EDDE6EB6}"
EndProject
Global
	GlobalSection(SolutionConfigurationPlatforms) = preSolution
		Debug|Any CPU = Debug|Any CPU
		Release|Any CPU = Release|Any CPU
	EndGlobalSection
	GlobalSection(ProjectConfigurationPlatforms) = postSolution
		{2A4B8924-463A-4F44-91D4-AC332B26FA50}.Debug|Any CPU.ActiveCfg = Debug|Any CPU
		{2A4B8924-463A-4F44-91D4-AC332B26FA50}.Debug|Any CPU.Build.0 = Debug|Any CPU
		{2A4B8924-463A-4F44-91D4-AC332B26FA50}.Release|Any CPU.ActiveCfg = Release|Any CPU
		{2A4B8924-463A-4F44-91D4-AC332B26FA50}.Release|Any CPU.Build.0 = Release|Any CPU
		{3996DD4D-FF75-4378-9955-729109BB9FA9}.Debug|Any CPU.ActiveCfg = Debug|Any CPU
		{3996DD4D-FF75-4378-9955-729109BB9FA9}.Debug|Any CPU.Build.0 = Debug|Any CPU
		{3996DD4D-FF75-4378-9955-729109BB9FA9}.Release|Any CPU.ActiveCfg = Release|Any CPU
		{3996DD4D-FF75-4378-9955-729109BB9FA9}.Release|Any CPU.Build.0 = Release|Any CPU
		{2CE5515C-C2F6-4DA2-BEB0-31F6EDDE6EB6}.Debug|Any CPU.ActiveCfg = Debug|Any CPU
		{2CE5515C-C2F6-4DA2-BEB0-31F6EDDE6EB6}.Debug|Any CPU.Build.0 = Debug|Any CPU
		{2CE5515C-C2F6-4DA2-BEB0-31F6EDDE6EB6}.Release|Any CPU.ActiveCfg = Release|Any CPU
		{2CE5515C-C2F6-4DA2-BEB0-31F6EDDE6EB6}.Release|Any CPU.Build.0 = Release|Any CPU
	EndGlobalSection
	GlobalSection(SolutionProperties) = preSolution
		HideSolutionNode = FALSE
	EndGlobalSection
	GlobalSection(ExtensibilityGlobals) = postSolution
		SolutionGuid = {223726C3-ED7C-406B-920F-5FC1D6F7CE4F}
	EndGlobalSection
EndGlobal
